
Microsoft Visual Studio Solution File, Format Version 12.00
# Visual Studio Version 17
VisualStudioVersion = 17.11.35312.102
MinimumVisualStudioVersion = 10.0.40219.1
Project("{FAE04EC0-301F-11D3-BF4B-00C04F79EFBC}") = "KeyboardMapper", "KeyboardMapper\KeyboardMapper.csproj", "{A75D1798-2A68-4447-9F4E-1D86F3EE3737}"
EndProject
Global
	GlobalSection(SolutionConfigurationPlatforms) = preSolution
		Debug|Any CPU = Debug|Any CPU
		Release|Any CPU = Release|Any CPU
	EndGlobalSection
	GlobalSection(ProjectConfigurationPlatforms) = postSolution
		{A75D1798-2A68-4447-9F4E-1D86F3EE3737}.Debug|Any CPU.ActiveCfg = Debug|Any CPU
		{A75D1798-2A68-4447-9F4E-1D86F3EE3737}.Debug|Any CPU.Build.0 = Debug|Any CPU
		{A75D1798-2A68-4447-9F4E-1D86F3EE3737}.Release|Any CPU.ActiveCfg = Release|Any CPU
		{A75D1798-2A68-4447-9F4E-1D86F3EE3737}.Release|Any CPU.Build.0 = Release|Any CPU
	EndGlobalSection
	GlobalSection(SolutionProperties) = preSolution
		HideSolutionNode = FALSE
	EndGlobalSection
	GlobalSection(ExtensibilityGlobals) = postSolution
		SolutionGuid = {6C4B9176-F62F-4BD1-B795-81129FAB4404}
	EndGlobalSection
EndGlobal
